
Microsoft Visual Studio Solution File, Format Version 12.00
# Visual Studio 2013
VisualStudioVersion = 12.0.21005.1
MinimumVisualStudioVersion = 10.0.40219.1
Project("{FAE04EC0-301F-11D3-BF4B-00C04F79EFBC}") = "AOBMockService.WebAPI.Web", "AOBMockService.WebAPI.Web\AOBMockService.WebAPI.Web.csproj", "{54F5D9C6-DB80-40AE-96B8-63399BE383E7}"
EndProject
Project("{FAE04EC0-301F-11D3-BF4B-00C04F79EFBC}") = "AOBMockService.WebAPI.Common", "AOBMockService.WebAPI.Common\AOBMockService.WebAPI.Common.csproj", "{1185C884-81B9-47FD-AAD1-D184B7896116}"
EndProject
Project("{FAE04EC0-301F-11D3-BF4B-00C04F79EFBC}") = "AOBMockService.WebAPI.Quote", "AOBMockService.WebAPI.Quote\AOBMockService.WebAPI.Quote.csproj", "{F619F887-38BA-4DFD-8AE5-6DF5CF66C9B4}"
EndProject
Project("{FAE04EC0-301F-11D3-BF4B-00C04F79EFBC}") = "AOBMockService.WebAPI.ThirdParties", "AOBMockService.WebAPI.ThirdParties\AOBMockService.WebAPI.ThirdParties.csproj", "{B210DAE6-31E4-450D-86A4-B87A720765FF}"
EndProject
Global
	GlobalSection(SolutionConfigurationPlatforms) = preSolution
		Debug|Any CPU = Debug|Any CPU
		Release|Any CPU = Release|Any CPU
	EndGlobalSection
	GlobalSection(ProjectConfigurationPlatforms) = postSolution
		{54F5D9C6-DB80-40AE-96B8-63399BE383E7}.Debug|Any CPU.ActiveCfg = Debug|Any CPU
		{54F5D9C6-DB80-40AE-96B8-63399BE383E7}.Debug|Any CPU.Build.0 = Debug|Any CPU
		{54F5D9C6-DB80-40AE-96B8-63399BE383E7}.Release|Any CPU.ActiveCfg = Release|Any CPU
		{54F5D9C6-DB80-40AE-96B8-63399BE383E7}.Release|Any CPU.Build.0 = Release|Any CPU
		{1185C884-81B9-47FD-AAD1-D184B7896116}.Debug|Any CPU.ActiveCfg = Debug|Any CPU
		{1185C884-81B9-47FD-AAD1-D184B7896116}.Debug|Any CPU.Build.0 = Debug|Any CPU
		{1185C884-81B9-47FD-AAD1-D184B7896116}.Release|Any CPU.ActiveCfg = Release|Any CPU
		{1185C884-81B9-47FD-AAD1-D184B7896116}.Release|Any CPU.Build.0 = Release|Any CPU
		{F619F887-38BA-4DFD-8AE5-6DF5CF66C9B4}.Debug|Any CPU.ActiveCfg = Debug|Any CPU
		{F619F887-38BA-4DFD-8AE5-6DF5CF66C9B4}.Debug|Any CPU.Build.0 = Debug|Any CPU
		{F619F887-38BA-4DFD-8AE5-6DF5CF66C9B4}.Release|Any CPU.ActiveCfg = Release|Any CPU
		{F619F887-38BA-4DFD-8AE5-6DF5CF66C9B4}.Release|Any CPU.Build.0 = Release|Any CPU
		{B210DAE6-31E4-450D-86A4-B87A720765FF}.Debug|Any CPU.ActiveCfg = Debug|Any CPU
		{B210DAE6-31E4-450D-86A4-B87A720765FF}.Debug|Any CPU.Build.0 = Debug|Any CPU
		{B210DAE6-31E4-450D-86A4-B87A720765FF}.Release|Any CPU.ActiveCfg = Release|Any CPU
		{B210DAE6-31E4-450D-86A4-B87A720765FF}.Release|Any CPU.Build.0 = Release|Any CPU
	EndGlobalSection
	GlobalSection(SolutionProperties) = preSolution
		HideSolutionNode = FALSE
	EndGlobalSection
EndGlobal
